
Microsoft Visual Studio Solution File, Format Version 12.00
# Visual Studio Version 16
VisualStudioVersion = 16.0.31321.278
MinimumVisualStudioVersion = 10.0.40219.1
Project("{9A19103F-16F7-4668-BE54-9A1E7A4F7556}") = "ObjectDetectionOnnxModel", "ObjectDetection\ObjectDetectionOnnxModel.csproj", "{316D2232-B28D-4FFC-8097-48E367C1EA6D}"
EndProject
Project("{9A19103F-16F7-4668-BE54-9A1E7A4F7556}") = "DetectAlpacaInImage.ConsoleApp", "DetectAlpaca\DetectAlpacaInImage.ConsoleApp.csproj", "{16B9054A-698B-434B-B76D-7366868F41DD}"
EndProject
Project("{9A19103F-16F7-4668-BE54-9A1E7A4F7556}") = "MachineLearningML.Model", "MachineLearningML.Model\MachineLearningML.Model.csproj", "{D9B30D6D-C6D1-4639-B3BB-85A569BE3941}"
EndProject
Project("{9A19103F-16F7-4668-BE54-9A1E7A4F7556}") = "MachineLearningML.ConsoleApp", "MachineLearningML.ConsoleApp\MachineLearningML.ConsoleApp.csproj", "{E11BBF93-9AA1-406D-A56E-24C271AEEC55}"
EndProject
Project("{2150E333-8FDC-42A3-9474-1A3956D46DE8}") = "ImageClassification", "ImageClassification", "{60DAB572-FADE-46D3-B0CF-3517E2D4D32D}"
EndProject
Project("{2150E333-8FDC-42A3-9474-1A3956D46DE8}") = "ObjectDetection", "ObjectDetection", "{4BF62AF6-89CE-46D3-AE20-FB8428888A87}"
EndProject
Project("{2150E333-8FDC-42A3-9474-1A3956D46DE8}") = "DetectAlpaca", "DetectAlpaca", "{5ADB209D-045B-4DA8-BEAB-CDF0425B5610}"
EndProject
Project("{FAE04EC0-301F-11D3-BF4B-00C04F79EFBC}") = "AlpacaPhotoSorter.ConsoleApp", "AlpacaPhotoSorter\AlpacaPhotoSorter.ConsoleApp.csproj", "{0B061CC4-0B69-459E-A172-73922B7FCF32}"
EndProject
Global
	GlobalSection(SolutionConfigurationPlatforms) = preSolution
		Debug|Any CPU = Debug|Any CPU
		Release|Any CPU = Release|Any CPU
	EndGlobalSection
	GlobalSection(ProjectConfigurationPlatforms) = postSolution
		{316D2232-B28D-4FFC-8097-48E367C1EA6D}.Debug|Any CPU.ActiveCfg = Debug|Any CPU
		{316D2232-B28D-4FFC-8097-48E367C1EA6D}.Debug|Any CPU.Build.0 = Debug|Any CPU
		{316D2232-B28D-4FFC-8097-48E367C1EA6D}.Release|Any CPU.ActiveCfg = Release|Any CPU
		{316D2232-B28D-4FFC-8097-48E367C1EA6D}.Release|Any CPU.Build.0 = Release|Any CPU
		{16B9054A-698B-434B-B76D-7366868F41DD}.Debug|Any CPU.ActiveCfg = Debug|Any CPU
		{16B9054A-698B-434B-B76D-7366868F41DD}.Debug|Any CPU.Build.0 = Debug|Any CPU
		{16B9054A-698B-434B-B76D-7366868F41DD}.Release|Any CPU.ActiveCfg = Release|Any CPU
		{16B9054A-698B-434B-B76D-7366868F41DD}.Release|Any CPU.Build.0 = Release|Any CPU
		{D9B30D6D-C6D1-4639-B3BB-85A569BE3941}.Debug|Any CPU.ActiveCfg = Debug|Any CPU
		{D9B30D6D-C6D1-4639-B3BB-85A569BE3941}.Debug|Any CPU.Build.0 = Debug|Any CPU
		{D9B30D6D-C6D1-4639-B3BB-85A569BE3941}.Release|Any CPU.ActiveCfg = Release|Any CPU
		{D9B30D6D-C6D1-4639-B3BB-85A569BE3941}.Release|Any CPU.Build.0 = Release|Any CPU
		{E11BBF93-9AA1-406D-A56E-24C271AEEC55}.Debug|Any CPU.ActiveCfg = Debug|Any CPU
		{E11BBF93-9AA1-406D-A56E-24C271AEEC55}.Debug|Any CPU.Build.0 = Debug|Any CPU
		{E11BBF93-9AA1-406D-A56E-24C271AEEC55}.Release|Any CPU.ActiveCfg = Release|Any CPU
		{E11BBF93-9AA1-406D-A56E-24C271AEEC55}.Release|Any CPU.Build.0 = Release|Any CPU
		{0B061CC4-0B69-459E-A172-73922B7FCF32}.Debug|Any CPU.ActiveCfg = Debug|Any CPU
		{0B061CC4-0B69-459E-A172-73922B7FCF32}.Debug|Any CPU.Build.0 = Debug|Any CPU
		{0B061CC4-0B69-459E-A172-73922B7FCF32}.Release|Any CPU.ActiveCfg = Release|Any CPU
		{0B061CC4-0B69-459E-A172-73922B7FCF32}.Release|Any CPU.Build.0 = Release|Any CPU
	EndGlobalSection
	GlobalSection(SolutionProperties) = preSolution
		HideSolutionNode = FALSE
	EndGlobalSection
	GlobalSection(NestedProjects) = preSolution
		{316D2232-B28D-4FFC-8097-48E367C1EA6D} = {4BF62AF6-89CE-46D3-AE20-FB8428888A87}
		{16B9054A-698B-434B-B76D-7366868F41DD} = {5ADB209D-045B-4DA8-BEAB-CDF0425B5610}
		{D9B30D6D-C6D1-4639-B3BB-85A569BE3941} = {5ADB209D-045B-4DA8-BEAB-CDF0425B5610}
		{E11BBF93-9AA1-406D-A56E-24C271AEEC55} = {5ADB209D-045B-4DA8-BEAB-CDF0425B5610}
		{5ADB209D-045B-4DA8-BEAB-CDF0425B5610} = {60DAB572-FADE-46D3-B0CF-3517E2D4D32D}
		{0B061CC4-0B69-459E-A172-73922B7FCF32} = {5ADB209D-045B-4DA8-BEAB-CDF0425B5610}
	EndGlobalSection
	GlobalSection(ExtensibilityGlobals) = postSolution
		SolutionGuid = {F7924B5F-3C3E-4DD4-886C-3774C4C02092}
	EndGlobalSection
EndGlobal
